
Microsoft Visual Studio Solution File, Format Version 12.00
# Visual Studio Version 16
VisualStudioVersion = 16.0.31727.386
MinimumVisualStudioVersion = 10.0.40219.1
Project("{FAE04EC0-301F-11D3-BF4B-00C04F79EFBC}") = "WebApiTest", "WebApiTest\WebApiTest.csproj", "{CF842C64-C863-4B20-BBD3-5247D8226BE7}"
EndProject
Global
	GlobalSection(SolutionConfigurationPlatforms) = preSolution
		Debug|Any CPU = Debug|Any CPU
		Release|Any CPU = Release|Any CPU
	EndGlobalSection
	GlobalSection(ProjectConfigurationPlatforms) = postSolution
		{CF842C64-C863-4B20-BBD3-5247D8226BE7}.Debug|Any CPU.ActiveCfg = Debug|Any CPU
		{CF842C64-C863-4B20-BBD3-5247D8226BE7}.Debug|Any CPU.Build.0 = Debug|Any CPU
		{CF842C64-C863-4B20-BBD3-5247D8226BE7}.Release|Any CPU.ActiveCfg = Release|Any CPU
		{CF842C64-C863-4B20-BBD3-5247D8226BE7}.Release|Any CPU.Build.0 = Release|Any CPU
	EndGlobalSection
	GlobalSection(SolutionProperties) = preSolution
		HideSolutionNode = FALSE
	EndGlobalSection
	GlobalSection(ExtensibilityGlobals) = postSolution
		SolutionGuid = {1718C92D-FC18-4CBB-9A56-A3C99E0A118D}
	EndGlobalSection
EndGlobal
